<?xml version="1.0" encoding="utf-8"?>
<Project ToolsVersion="4.0" xmlns="http://schemas.microsoft.com/developer/msbuild/2003">
  <ItemGroup>
    <Filter Include="Game">
      <UniqueIdentifier>{f293d51c-b6dc-4bbd-86ed-ba171015a5ec}</UniqueIdentifier>
    </Filter>
    <Filter Include="Shaders">
      <UniqueIdentifier>{96e8bd53-e372-4a8a-9536-3da7bddc078a}</UniqueIdentifier>
    </Filter>
    <Filter Include="Game\States">
      <UniqueIdentifier>{56378a14-9568-4444-b2d1-2b99ac4b7c97}</UniqueIdentifier>
    </Filter>
  </ItemGroup>
  <ItemGroup>
    <ClCompile Include="Source\winmain.cpp" />
    <ClCompile Include="Source\Game\DemoStateFactory.cpp">
      <Filter>Game</Filter>
    </ClCompile>
    <ClCompile Include="Source\Game\States\BoxTestState.cpp">
      <Filter>Game\States</Filter>
    </ClCompile>
    <ClCompile Include="Source\Demo2D_pch.cpp" />
    <ClCompile Include="Source\Game\Demo2D.cpp">
      <Filter>Game</Filter>
    </ClCompile>
  </ItemGroup>
  <ItemGroup>
    <ClInclude Include="Source\Game\DemoStateFactory.h">
      <Filter>Game</Filter>
    </ClInclude>
    <ClInclude Include="Source\Game\States\BoxTestState.h">
      <Filter>Game\States</Filter>
    </ClInclude>
    <ClInclude Include="Source\Demo2D_pch.h" />
    <ClInclude Include="Source\Game\Demo2D.h">
      <Filter>Game</Filter>
    </ClInclude>
  </ItemGroup>
</Project>